// !$*UTF8*$!
{
	archiveVersion = 1;
	classes = {
	};
	objectVersion = 50;
	objects = {

/* Begin PBXBuildFile section */
		AD22A0182694784400C37956 /* AppDelegate.swift in Sources */ = {isa = PBXBuildFile; fileRef = AD22A0172694784400C37956 /* AppDelegate.swift */; };
		AD22A01A2694784400C37956 /* SceneDelegate.swift in Sources */ = {isa = PBXBuildFile; fileRef = AD22A0192694784400C37956 /* SceneDelegate.swift */; };
		AD22A01C2694784400C37956 /* ViewController.swift in Sources */ = {isa = PBXBuildFile; fileRef = AD22A01B2694784400C37956 /* ViewController.swift */; };
		AD22A01F2694784400C37956 /* Main.storyboard in Resources */ = {isa = PBXBuildFile; fileRef = AD22A01D2694784400C37956 /* Main.storyboard */; };
		AD22A0212694784400C37956 /* Assets.xcassets in Resources */ = {isa = PBXBuildFile; fileRef = AD22A0202694784400C37956 /* Assets.xcassets */; };
		AD22A0242694784400C37956 /* LaunchScreen.storyboard in Resources */ = {isa = PBXBuildFile; fileRef = AD22A0222694784400C37956 /* LaunchScreen.storyboard */; };
		AD22A02E269478CC00C37956 /* Fireworks.jpg in Resources */ = {isa = PBXBuildFile; fileRef = AD22A02B269478CB00C37956 /* Fireworks.jpg */; };
		AD22A02F269478CC00C37956 /* FastTyping.jpg in Resources */ = {isa = PBXBuildFile; fileRef = AD22A02C269478CC00C37956 /* FastTyping.jpg */; };
		AD22A030269478CC00C37956 /* FastTyping.mp4 in Resources */ = {isa = PBXBuildFile; fileRef = AD22A02D269478CC00C37956 /* FastTyping.mp4 */; };
		AD22A0352694825D00C37956 /* Mountaineering.jpg in Resources */ = {isa = PBXBuildFile; fileRef = AD22A0322694825C00C37956 /* Mountaineering.jpg */; };
		AD22A0362694825D00C37956 /* Mountaineering.mov in Resources */ = {isa = PBXBuildFile; fileRef = AD22A0332694825D00C37956 /* Mountaineering.mov */; };
		AD22A0372694825D00C37956 /* Seascape.jpg in Resources */ = {isa = PBXBuildFile; fileRef = AD22A0342694825D00C37956 /* Seascape.jpg */; };
/* End PBXBuildFile section */

/* Begin PBXFileReference section */
		AD22A0142694784400C37956 /* MoviePlayer.app */ = {isa = PBXFileReference; explicitFileType = wrapper.application; includeInIndex = 0; path = MoviePlayer.app; sourceTree = BUILT_PRODUCTS_DIR; };
		AD22A0172694784400C37956 /* AppDelegate.swift */ = {isa = PBXFileReference; lastKnownFileType = sourcecode.swift; path = AppDelegate.swift; sourceTree = "<group>"; };
		AD22A0192694784400C37956 /* SceneDelegate.swift */ = {isa = PBXFileReference; lastKnownFileType = sourcecode.swift; path = SceneDelegate.swift; sourceTree = "<group>"; };
		AD22A01B2694784400C37956 /* ViewController.swift */ = {isa = PBXFileReference; lastKnownFileType = sourcecode.swift; path = ViewController.swift; sourceTree = "<group>"; };
		AD22A01E2694784400C37956 /* Base */ = {isa = PBXFileReference; lastKnownFileType = file.storyboard; name = Base; path = Base.lproj/Main.storyboard; sourceTree = "<group>"; };
		AD22A0202694784400C37956 /* Assets.xcassets */ = {isa = PBXFileReference; lastKnownFileType = folder.assetcatalog; path = Assets.xcassets; sourceTree = "<group>"; };
		AD22A0232694784400C37956 /* Base */ = {isa = PBXFileReference; lastKnownFileType = file.storyboard; name = Base; path = Base.lproj/LaunchScreen.storyboard; sourceTree = "<group>"; };
		AD22A0252694784400C37956 /* Info.plist */ = {isa = PBXFileReference; lastKnownFileType = text.plist.xml; path = Info.plist; sourceTree = "<group>"; };
		AD22A02B269478CB00C37956 /* Fireworks.jpg */ = {isa = PBXFileReference; lastKnownFileType = image.jpeg; path = Fireworks.jpg; sourceTree = "<group>"; };
		AD22A02C269478CC00C37956 /* FastTyping.jpg */ = {isa = PBXFileReference; lastKnownFileType = image.jpeg; path = FastTyping.jpg; sourceTree = "<group>"; };
		AD22A02D269478CC00C37956 /* FastTyping.mp4 */ = {isa = PBXFileReference; lastKnownFileType = file; path = FastTyping.mp4; sourceTree = "<group>"; };
		AD22A0322694825C00C37956 /* Mountaineering.jpg */ = {isa = PBXFileReference; lastKnownFileType = image.jpeg; path = Mountaineering.jpg; sourceTree = "<group>"; };
		AD22A0332694825D00C37956 /* Mountaineering.mov */ = {isa = PBXFileReference; lastKnownFileType = video.quicktime; path = Mountaineering.mov; sourceTree = "<group>"; };
		AD22A0342694825D00C37956 /* Seascape.jpg */ = {isa = PBXFileReference; lastKnownFileType = image.jpeg; path = Seascape.jpg; sourceTree = "<group>"; };
/* End PBXFileReference section */

/* Begin PBXFrameworksBuildPhase section */
		AD22A0112694784400C37956 /* Frameworks */ = {
			isa = PBXFrameworksBuildPhase;
			buildActionMask = 2147483647;
			files = (
			);
			runOnlyForDeploymentPostprocessing = 0;
		};
/* End PBXFrameworksBuildPhase section */

/* Begin PBXGroup section */
		AD22A00B2694784400C37956 = {
			isa = PBXGroup;
			children = (
				AD22A0162694784400C37956 /* MoviePlayer */,
				AD22A0152694784400C37956 /* Products */,
			);
			sourceTree = "<group>";
		};
		AD22A0152694784400C37956 /* Products */ = {
			isa = PBXGroup;
			children = (
				AD22A0142694784400C37956 /* MoviePlayer.app */,
			);
			name = Products;
			sourceTree = "<group>";
		};
		AD22A0162694784400C37956 /* MoviePlayer */ = {
			isa = PBXGroup;
			children = (
				AD22A031269478DC00C37956 /* Resources */,
				AD22A0172694784400C37956 /* AppDelegate.swift */,
				AD22A0192694784400C37956 /* SceneDelegate.swift */,
				AD22A01B2694784400C37956 /* ViewController.swift */,
				AD22A01D2694784400C37956 /* Main.storyboard */,
				AD22A0202694784400C37956 /* Assets.xcassets */,
				AD22A0222694784400C37956 /* LaunchScreen.storyboard */,
				AD22A0252694784400C37956 /* Info.plist */,
			);
			path = MoviePlayer;
			sourceTree = "<group>";
		};
		AD22A031269478DC00C37956 /* Resources */ = {
			isa = PBXGroup;
			children = (
				AD22A0322694825C00C37956 /* Mountaineering.jpg */,
				AD22A0332694825D00C37956 /* Mountaineering.mov */,
				AD22A0342694825D00C37956 /* Seascape.jpg */,
				AD22A02C269478CC00C37956 /* FastTyping.jpg */,
				AD22A02D269478CC00C37956 /* FastTyping.mp4 */,
				AD22A02B269478CB00C37956 /* Fireworks.jpg */,
			);
			path = Resources;
			sourceTree = "<group>";
		};
/* End PBXGroup section */

/* Begin PBXNativeTarget section */
		AD22A0132694784400C37956 /* MoviePlayer */ = {
			isa = PBXNativeTarget;
			buildConfigurationList = AD22A0282694784400C37956 /* Build configuration list for PBXNativeTarget "MoviePlayer" */;
			buildPhases = (
				AD22A0102694784400C37956 /* Sources */,
				AD22A0112694784400C37956 /* Frameworks */,
				AD22A0122694784400C37956 /* Resources */,
			);
			buildRules = (
			);
			dependencies = (
			);
			name = MoviePlayer;
			productName = MoviePlayer;
			productReference = AD22A0142694784400C37956 /* MoviePlayer.app */;
			productType = "com.apple.product-type.application";
		};
/* End PBXNativeTarget section */

/* Begin PBXProject section */
		AD22A00C2694784400C37956 /* Project object */ = {
			isa = PBXProject;
			attributes = {
				LastSwiftUpdateCheck = 1250;
				LastUpgradeCheck = 1250;
				TargetAttributes = {
					AD22A0132694784400C37956 = {
						CreatedOnToolsVersion = 12.5.1;
					};
				};
			};
			buildConfigurationList = AD22A00F2694784400C37956 /* Build configuration list for PBXProject "MoviePlayer" */;
			compatibilityVersion = "Xcode 9.3";
			developmentRegion = en;
			hasScannedForEncodings = 0;
			knownRegions = (
				en,
				Base,
			);
			mainGroup = AD22A00B2694784400C37956;
			productRefGroup = AD22A0152694784400C37956 /* Products */;
			projectDirPath = "";
			projectRoot = "";
			targets = (
				AD22A0132694784400C37956 /* MoviePlayer */,
			);
		};
/* End PBXProject section */

/* Begin PBXResourcesBuildPhase section */
		AD22A0122694784400C37956 /* Resources */ = {
			isa = PBXResourcesBuildPhase;
			buildActionMask = 2147483647;
			files = (
				AD22A02E269478CC00C37956 /* Fireworks.jpg in Resources */,
				AD22A0242694784400C37956 /* LaunchScreen.storyboard in Resources */,
				AD22A0372694825D00C37956 /* Seascape.jpg in Resources */,
				AD22A030269478CC00C37956 /* FastTyping.mp4 in Resources */,
				AD22A0352694825D00C37956 /* Mountaineering.jpg in Resources */,
				AD22A02F269478CC00C37956 /* FastTyping.jpg in Resources */,
				AD22A0212694784400C37956 /* Assets.xcassets in Resources */,
				AD22A01F2694784400C37956 /* Main.storyboard in Resources */,
				AD22A0362694825D00C37956 /* Mountaineering.mov in Resources */,
			);
			runOnlyForDeploymentPostprocessing = 0;
		};
/* End PBXResourcesBuildPhase section */

/* Begin PBXSourcesBuildPhase section */
		AD22A0102694784400C37956 /* Sources */ = {
			isa = PBXSourcesBuildPhase;
			buildActionMask = 2147483647;
			files = (
				AD22A01C2694784400C37956 /* ViewController.swift in Sources */,
				AD22A0182694784400C37956 /* AppDelegate.swift in Sources */,
				AD22A01A2694784400C37956 /* SceneDelegate.swift in Sources */,
			);
			runOnlyForDeploymentPostprocessing = 0;
		};
/* End PBXSourcesBuildPhase section */

/* Begin PBXVariantGroup section */
		AD22A01D2694784400C37956 /* Main.storyboard */ = {
			isa = PBXVariantGroup;
			children = (
				AD22A01E2694784400C37956 /* Base */,
			);
			name = Main.storyboard;
			sourceTree = "<group>";
		};
		AD22A0222694784400C37956 /* LaunchScreen.storyboard */ = {
			isa = PBXVariantGroup;
			children = (
				AD22A0232694784400C37956 /* Base */,
			);
			name = LaunchScreen.storyboard;
			sourceTree = "<group>";
		};
/* End PBXVariantGroup section */

/* Begin XCBuildConfiguration section */
		AD22A0262694784400C37956 /* Debug */ = {
			isa = XCBuildConfiguration;
			buildSettings = {
				ALWAYS_SEARCH_USER_PATHS = NO;
				CLANG_ANALYZER_NONNULL = YES;
				CLANG_ANALYZER_NUMBER_OBJECT_CONVERSION = YES_AGGRESSIVE;
				CLANG_CXX_LANGUAGE_STANDARD = "gnu++14";
				CLANG_CXX_LIBRARY = "libc++";
				CLANG_ENABLE_MODULES = YES;
				CLANG_ENABLE_OBJC_ARC = YES;
				CLANG_ENABLE_OBJC_WEAK = YES;
				CLANG_WARN_BLOCK_CAPTURE_AUTORELEASING = YES;
				CLANG_WARN_BOOL_CONVERSION = YES;
				CLANG_WARN_COMMA = YES;
				CLANG_WARN_CONSTANT_CONVERSION = YES;
				CLANG_WARN_DEPRECATED_OBJC_IMPLEMENTATIONS = YES;
				CLANG_WARN_DIRECT_OBJC_ISA_USAGE = YES_ERROR;
				CLANG_WARN_DOCUMENTATION_COMMENTS = YES;
				CLANG_WARN_EMPTY_BODY = YES;
				CLANG_WARN_ENUM_CONVERSION = YES;
				CLANG_WARN_INFINITE_RECURSION = YES;
				CLANG_WARN_INT_CONVERSION = YES;
				CLANG_WARN_NON_LITERAL_NULL_CONVERSION = YES;
				CLANG_WARN_OBJC_IMPLICIT_RETAIN_SELF = YES;
				CLANG_WARN_OBJC_LITERAL_CONVERSION = YES;
				CLANG_WARN_OBJC_ROOT_CLASS = YES_ERROR;
				CLANG_WARN_QUOTED_INCLUDE_IN_FRAMEWORK_HEADER = YES;
				CLANG_WARN_RANGE_LOOP_ANALYSIS = YES;
				CLANG_WARN_STRICT_PROTOTYPES = YES;
				CLANG_WARN_SUSPICIOUS_MOVE = YES;
				CLANG_WARN_UNGUARDED_AVAILABILITY = YES_AGGRESSIVE;
				CLANG_WARN_UNREACHABLE_CODE = YES;
				CLANG_WARN__DUPLICATE_METHOD_MATCH = YES;
				COPY_PHASE_STRIP = NO;
				DEBUG_INFORMATION_FORMAT = dwarf;
				ENABLE_STRICT_OBJC_MSGSEND = YES;
				ENABLE_TESTABILITY = YES;
				GCC_C_LANGUAGE_STANDARD = gnu11;
				GCC_DYNAMIC_NO_PIC = NO;
				GCC_NO_COMMON_BLOCKS = YES;
				GCC_OPTIMIZATION_LEVEL = 0;
				GCC_PREPROCESSOR_DEFINITIONS = (
					"DEBUG=1",
					"$(inherited)",
				);
				GCC_WARN_64_TO_32_BIT_CONVERSION = YES;
				GCC_WARN_ABOUT_RETURN_TYPE = YES_ERROR;
				GCC_WARN_UNDECLARED_SELECTOR = YES;
				GCC_WARN_UNINITIALIZED_AUTOS = YES_AGGRESSIVE;
				GCC_WARN_UNUSED_FUNCTION = YES;
				GCC_WARN_UNUSED_VARIABLE = YES;
				IPHONEOS_DEPLOYMENT_TARGET = 14.5;
				MTL_ENABLE_DEBUG_INFO = INCLUDE_SOURCE;
				MTL_FAST_MATH = YES;
				ONLY_ACTIVE_ARCH = YES;
				SDKROOT = iphoneos;
				SWIFT_ACTIVE_COMPILATION_CONDITIONS = DEBUG;
				SWIFT_OPTIMIZATION_LEVEL = "-Onone";
			};
			name = Debug;
		};
		AD22A0272694784400C37956 /* Release */ = {
			isa = XCBuildConfiguration;
			buildSettings = {
				ALWAYS_SEARCH_USER_PATHS = NO;
				CLANG_ANALYZER_NONNULL = YES;
				CLANG_ANALYZER_NUMBER_OBJECT_CONVERSION = YES_AGGRESSIVE;
				CLANG_CXX_LANGUAGE_STANDARD = "gnu++14";
				CLANG_CXX_LIBRARY = "libc++";
				CLANG_ENABLE_MODULES = YES;
				CLANG_ENABLE_OBJC_ARC = YES;
				CLANG_ENABLE_OBJC_WEAK = YES;
				CLANG_WARN_BLOCK_CAPTURE_AUTORELEASING = YES;
				CLANG_WARN_BOOL_CONVERSION = YES;
				CLANG_WARN_COMMA = YES;
				CLANG_WARN_CONSTANT_CONVERSION = YES;
				CLANG_WARN_DEPRECATED_OBJC_IMPLEMENTATIONS = YES;
				CLANG_WARN_DIRECT_OBJC_ISA_USAGE = YES_ERROR;
				CLANG_WARN_DOCUMENTATION_COMMENTS = YES;
				CLANG_WARN_EMPTY_BODY = YES;
				CLANG_WARN_ENUM_CONVERSION = YES;
				CLANG_WARN_INFINITE_RECURSION = YES;
				CLANG_WARN_INT_CONVERSION = YES;
				CLANG_WARN_NON_LITERAL_NULL_CONVERSION = YES;
				CLANG_WARN_OBJC_IMPLICIT_RETAIN_SELF = YES;
				CLANG_WARN_OBJC_LITERAL_CONVERSION = YES;
				CLANG_WARN_OBJC_ROOT_CLASS = YES_ERROR;
				CLANG_WARN_QUOTED_INCLUDE_IN_FRAMEWORK_HEADER = YES;
				CLANG_WARN_RANGE_LOOP_ANALYSIS = YES;
				CLANG_WARN_STRICT_PROTOTYPES = YES;
				CLANG_WARN_SUSPICIOUS_MOVE = YES;
				CLANG_WARN_UNGUARDED_AVAILABILITY = YES_AGGRESSIVE;
				CLANG_WARN_UNREACHABLE_CODE = YES;
				CLANG_WARN__DUPLICATE_METHOD_MATCH = YES;
				COPY_PHASE_STRIP = NO;
				DEBUG_INFORMATION_FORMAT = "dwarf-with-dsym";
				ENABLE_NS_ASSERTIONS = NO;
				ENABLE_STRICT_OBJC_MSGSEND = YES;
				GCC_C_LANGUAGE_STANDARD = gnu11;
				GCC_NO_COMMON_BLOCKS = YES;
				GCC_WARN_64_TO_32_BIT_CONVERSION = YES;
				GCC_WARN_ABOUT_RETURN_TYPE = YES_ERROR;
				GCC_WARN_UNDECLARED_SELECTOR = YES;
				GCC_WARN_UNINITIALIZED_AUTOS = YES_AGGRESSIVE;
				GCC_WARN_UNUSED_FUNCTION = YES;
				GCC_WARN_UNUSED_VARIABLE = YES;
				IPHONEOS_DEPLOYMENT_TARGET = 14.5;
				MTL_ENABLE_DEBUG_INFO = NO;
				MTL_FAST_MATH = YES;
				SDKROOT = iphoneos;
				SWIFT_COMPILATION_MODE = wholemodule;
				SWIFT_OPTIMIZATION_LEVEL = "-O";
				VALIDATE_PRODUCT = YES;
			};
			name = Release;
		};
		AD22A0292694784400C37956 /* Debug */ = {
			isa = XCBuildConfiguration;
			buildSettings = {
				ASSETCATALOG_COMPILER_APPICON_NAME = AppIcon;
				ASSETCATALOG_COMPILER_GLOBAL_ACCENT_COLOR_NAME = AccentColor;
				CODE_SIGN_STYLE = Automatic;
				DEVELOPMENT_TEAM = R6V3UCSNG3;
				INFOPLIST_FILE = MoviePlayer/Info.plist;
				LD_RUNPATH_SEARCH_PATHS = (
					"$(inherited)",
					"@executable_path/Frameworks",
				);
				PRODUCT_BUNDLE_IDENTIFIER = com.ycompany.MoviePlayer;
				PRODUCT_NAME = "$(TARGET_NAME)";
				SWIFT_VERSION = 5.0;
				TARGETED_DEVICE_FAMILY = "1,2";
			};
			name = Debug;
		};
		AD22A02A2694784400C37956 /* Release */ = {
			isa = XCBuildConfiguration;
			buildSettings = {
				ASSETCATALOG_COMPILER_APPICON_NAME = AppIcon;
				ASSETCATALOG_COMPILER_GLOBAL_ACCENT_COLOR_NAME = AccentColor;
				CODE_SIGN_STYLE = Automatic;
				DEVELOPMENT_TEAM = R6V3UCSNG3;
				INFOPLIST_FILE = MoviePlayer/Info.plist;
				LD_RUNPATH_SEARCH_PATHS = (
					"$(inherited)",
					"@executable_path/Frameworks",
				);
				PRODUCT_BUNDLE_IDENTIFIER = com.ycompany.MoviePlayer;
				PRODUCT_NAME = "$(TARGET_NAME)";
				SWIFT_VERSION = 5.0;
				TARGETED_DEVICE_FAMILY = "1,2";
			};
			name = Release;
		};
/* End XCBuildConfiguration section */

/* Begin XCConfigurationList section */
		AD22A00F2694784400C37956 /* Build configuration list for PBXProject "MoviePlayer" */ = {
			isa = XCConfigurationList;
			buildConfigurations = (
				AD22A0262694784400C37956 /* Debug */,
				AD22A0272694784400C37956 /* Release */,
			);
			defaultConfigurationIsVisible = 0;
			defaultConfigurationName = Release;
		};
		AD22A0282694784400C37956 /* Build configuration list for PBXNativeTarget "MoviePlayer" */ = {
			isa = XCConfigurationList;
			buildConfigurations = (
				AD22A0292694784400C37956 /* Debug */,
				AD22A02A2694784400C37956 /* Release */,
			);
			defaultConfigurationIsVisible = 0;
			defaultConfigurationName = Release;
		};
/* End XCConfigurationList section */
	};
	rootObject = AD22A00C2694784400C37956 /* Project object */;
}
